
Microsoft Visual Studio Solution File, Format Version 12.00
# Visual Studio 15
VisualStudioVersion = 15.0.26020.0
MinimumVisualStudioVersion = 10.0.40219.1
Project("{FAE04EC0-301F-11D3-BF4B-00C04F79EFBC}") = "DXVcs2Git.Tests", "DXVcs2Git.Tests\DXVcs2Git.Tests.csproj", "{8CC237EF-3D03-456D-A101-C9DBE57EA6E5}"
	ProjectSection(ProjectDependencies) = postProject
		{3B9ADC57-B49D-4DE7-A532-DBEB0CA78C10} = {3B9ADC57-B49D-4DE7-A532-DBEB0CA78C10}
		{7CE585B7-1F19-442D-B1A4-0C1AD855A55C} = {7CE585B7-1F19-442D-B1A4-0C1AD855A55C}
	EndProjectSection
EndProject
Project("{FAE04EC0-301F-11D3-BF4B-00C04F79EFBC}") = "DXVcs2Git.UI", "DXVcs2Git.UI\DXVcs2Git.UI.csproj", "{3B9ADC57-B49D-4DE7-A532-DBEB0CA78C10}"
	ProjectSection(ProjectDependencies) = postProject
		{7CE585B7-1F19-442D-B1A4-0C1AD855A55C} = {7CE585B7-1F19-442D-B1A4-0C1AD855A55C}
	EndProjectSection
EndProject
Project("{FAE04EC0-301F-11D3-BF4B-00C04F79EFBC}") = "DXVcs2Git.Console", "DXvcs2Git.Console\DXVcs2Git.Console.csproj", "{B789F4E2-FA3C-4105-A078-1905982E5CBD}"
EndProject
Project("{FAE04EC0-301F-11D3-BF4B-00C04F79EFBC}") = "DXVcs2Git.Core", "DXVcs2Git.Core\DXVcs2Git.Core.csproj", "{7CE585B7-1F19-442D-B1A4-0C1AD855A55C}"
EndProject
Project("{FAE04EC0-301F-11D3-BF4B-00C04F79EFBC}") = "DXVcs2Git.GitTools", "DXVcs2Git.GitTools\DXVcs2Git.GitTools.csproj", "{7D33BFB2-2CCF-4922-BF02-CC48D3873BA9}"
	ProjectSection(ProjectDependencies) = postProject
		{7CE585B7-1F19-442D-B1A4-0C1AD855A55C} = {7CE585B7-1F19-442D-B1A4-0C1AD855A55C}
	EndProjectSection
EndProject
Project("{FAE04EC0-301F-11D3-BF4B-00C04F79EFBC}") = "DXVcs2Git.Launcher", "DXVcs2Git.Launcher\DXVcs2Git.Launcher.csproj", "{C6E2B9F8-3FBF-4135-BE87-D83D782FE418}"
EndProject
Project("{2150E333-8FDC-42A3-9474-1A3956D46DE8}") = "Solution Items", "Solution Items", "{93765C40-3D82-4332-89CE-53DC5AC6E78A}"
	ProjectSection(SolutionItems) = preProject
		PostUpdate.bat = PostUpdate.bat
	EndProjectSection
EndProject
Project("{FAE04EC0-301F-11D3-BF4B-00C04F79EFBC}") = "DXVcs2Git.AdministratorMethods", "DXVcs2Git.AdministratorMethods\DXVcs2Git.AdministratorMethods.csproj", "{531E2E2E-0189-4A73-87CF-21AACDA8B01F}"
EndProject
Global
	GlobalSection(SolutionConfigurationPlatforms) = preSolution
		Debug|Any CPU = Debug|Any CPU
		Release|Any CPU = Release|Any CPU
	EndGlobalSection
	GlobalSection(ProjectConfigurationPlatforms) = postSolution
		{8CC237EF-3D03-456D-A101-C9DBE57EA6E5}.Debug|Any CPU.ActiveCfg = Debug|Any CPU
		{8CC237EF-3D03-456D-A101-C9DBE57EA6E5}.Debug|Any CPU.Build.0 = Debug|Any CPU
		{8CC237EF-3D03-456D-A101-C9DBE57EA6E5}.Release|Any CPU.ActiveCfg = Release|Any CPU
		{8CC237EF-3D03-456D-A101-C9DBE57EA6E5}.Release|Any CPU.Build.0 = Release|Any CPU
		{3B9ADC57-B49D-4DE7-A532-DBEB0CA78C10}.Debug|Any CPU.ActiveCfg = Debug|Any CPU
		{3B9ADC57-B49D-4DE7-A532-DBEB0CA78C10}.Debug|Any CPU.Build.0 = Debug|Any CPU
		{3B9ADC57-B49D-4DE7-A532-DBEB0CA78C10}.Release|Any CPU.ActiveCfg = Release|Any CPU
		{3B9ADC57-B49D-4DE7-A532-DBEB0CA78C10}.Release|Any CPU.Build.0 = Release|Any CPU
		{B789F4E2-FA3C-4105-A078-1905982E5CBD}.Debug|Any CPU.ActiveCfg = Debug|Any CPU
		{B789F4E2-FA3C-4105-A078-1905982E5CBD}.Debug|Any CPU.Build.0 = Debug|Any CPU
		{B789F4E2-FA3C-4105-A078-1905982E5CBD}.Release|Any CPU.ActiveCfg = Release|Any CPU
		{B789F4E2-FA3C-4105-A078-1905982E5CBD}.Release|Any CPU.Build.0 = Release|Any CPU
		{7CE585B7-1F19-442D-B1A4-0C1AD855A55C}.Debug|Any CPU.ActiveCfg = Debug|Any CPU
		{7CE585B7-1F19-442D-B1A4-0C1AD855A55C}.Debug|Any CPU.Build.0 = Debug|Any CPU
		{7CE585B7-1F19-442D-B1A4-0C1AD855A55C}.Release|Any CPU.ActiveCfg = Release|Any CPU
		{7CE585B7-1F19-442D-B1A4-0C1AD855A55C}.Release|Any CPU.Build.0 = Release|Any CPU
		{7D33BFB2-2CCF-4922-BF02-CC48D3873BA9}.Debug|Any CPU.ActiveCfg = Debug|Any CPU
		{7D33BFB2-2CCF-4922-BF02-CC48D3873BA9}.Debug|Any CPU.Build.0 = Debug|Any CPU
		{7D33BFB2-2CCF-4922-BF02-CC48D3873BA9}.Release|Any CPU.ActiveCfg = Release|Any CPU
		{7D33BFB2-2CCF-4922-BF02-CC48D3873BA9}.Release|Any CPU.Build.0 = Release|Any CPU
		{C6E2B9F8-3FBF-4135-BE87-D83D782FE418}.Debug|Any CPU.ActiveCfg = Debug|Any CPU
		{C6E2B9F8-3FBF-4135-BE87-D83D782FE418}.Debug|Any CPU.Build.0 = Debug|Any CPU
		{C6E2B9F8-3FBF-4135-BE87-D83D782FE418}.Release|Any CPU.ActiveCfg = Release|Any CPU
		{C6E2B9F8-3FBF-4135-BE87-D83D782FE418}.Release|Any CPU.Build.0 = Release|Any CPU
		{531E2E2E-0189-4A73-87CF-21AACDA8B01F}.Debug|Any CPU.ActiveCfg = Debug|Any CPU
		{531E2E2E-0189-4A73-87CF-21AACDA8B01F}.Debug|Any CPU.Build.0 = Debug|Any CPU
		{531E2E2E-0189-4A73-87CF-21AACDA8B01F}.Release|Any CPU.ActiveCfg = Release|Any CPU
		{531E2E2E-0189-4A73-87CF-21AACDA8B01F}.Release|Any CPU.Build.0 = Release|Any CPU
	EndGlobalSection
	GlobalSection(SolutionProperties) = preSolution
		HideSolutionNode = FALSE
	EndGlobalSection
EndGlobal
