
Microsoft Visual Studio Solution File, Format Version 12.00
Project("{FAE04EC0-301F-11D3-BF4B-00C04F79EFBC}") = "DXVcs2Git.UI2", "DXVcs2Git.UI2.csproj", "{7AA721E1-0FD0-4BAD-94E0-3E44017E142B}"
EndProject
Global
	GlobalSection(SolutionConfigurationPlatforms) = preSolution
		Debug|Any CPU = Debug|Any CPU
		Release|Any CPU = Release|Any CPU
	EndGlobalSection
	GlobalSection(ProjectConfigurationPlatforms) = postSolution
		{7AA721E1-0FD0-4BAD-94E0-3E44017E142B}.Debug|Any CPU.ActiveCfg = Debug|Any CPU
		{7AA721E1-0FD0-4BAD-94E0-3E44017E142B}.Debug|Any CPU.Build.0 = Debug|Any CPU
		{7AA721E1-0FD0-4BAD-94E0-3E44017E142B}.Release|Any CPU.ActiveCfg = Release|Any CPU
		{7AA721E1-0FD0-4BAD-94E0-3E44017E142B}.Release|Any CPU.Build.0 = Release|Any CPU
	EndGlobalSection
EndGlobal
